Acquiring state lock. This may take a few moments...

Terraform used the selected providers to generate the following execution
plan. Resource actions are indicated with the following symbols:
  [32m+[0m create[0m

Terraform will perform the following actions:

[1m  # aws_db_instance.mysql-wordpress[0m will be created
[0m  [32m+[0m[0m resource "aws_db_instance" "mysql-wordpress" {
      [32m+[0m[0m address                               = (known after apply)
      [32m+[0m[0m allocated_storage                     = 20
      [32m+[0m[0m apply_immediately                     = false
      [32m+[0m[0m arn                                   = (known after apply)
      [32m+[0m[0m auto_minor_version_upgrade            = true
      [32m+[0m[0m availability_zone                     = (known after apply)
      [32m+[0m[0m backup_retention_period               = (known after apply)
      [32m+[0m[0m backup_target                         = (known after apply)
      [32m+[0m[0m backup_window                         = (known after apply)
      [32m+[0m[0m ca_cert_identifier                    = (known after apply)
      [32m+[0m[0m character_set_name                    = (known after apply)
      [32m+[0m[0m copy_tags_to_snapshot                 = false
      [32m+[0m[0m db_name                               = "wordpress"
      [32m+[0m[0m db_subnet_group_name                  = "wordpress-db-subnet"
      [32m+[0m[0m delete_automated_backups              = true
      [32m+[0m[0m endpoint                              = (known after apply)
      [32m+[0m[0m engine                                = "mysql"
      [32m+[0m[0m engine_version                        = "8.0"
      [32m+[0m[0m engine_version_actual                 = (known after apply)
      [32m+[0m[0m hosted_zone_id                        = (known after apply)
      [32m+[0m[0m id                                    = (known after apply)
      [32m+[0m[0m identifier                            = "rds-wordpress"
      [32m+[0m[0m identifier_prefix                     = (known after apply)
      [32m+[0m[0m instance_class                        = "db.t3.micro"
      [32m+[0m[0m iops                                  = (known after apply)
      [32m+[0m[0m kms_key_id                            = (known after apply)
      [32m+[0m[0m latest_restorable_time                = (known after apply)
      [32m+[0m[0m license_model                         = (known after apply)
      [32m+[0m[0m listener_endpoint                     = (known after apply)
      [32m+[0m[0m maintenance_window                    = (known after apply)
      [32m+[0m[0m master_user_secret                    = (known after apply)
      [32m+[0m[0m master_user_secret_kms_key_id         = (known after apply)
      [32m+[0m[0m monitoring_interval                   = 0
      [32m+[0m[0m monitoring_role_arn                   = (known after apply)
      [32m+[0m[0m multi_az                              = (known after apply)
      [32m+[0m[0m nchar_character_set_name              = (known after apply)
      [32m+[0m[0m network_type                          = (known after apply)
      [32m+[0m[0m option_group_name                     = (known after apply)
      [32m+[0m[0m parameter_group_name                  = "default.mysql8.0"
      [32m+[0m[0m password                              = (sensitive value)
      [32m+[0m[0m performance_insights_enabled          = false
      [32m+[0m[0m performance_insights_kms_key_id       = (known after apply)
      [32m+[0m[0m performance_insights_retention_period = (known after apply)
      [32m+[0m[0m port                                  = 3306
      [32m+[0m[0m publicly_accessible                   = false
      [32m+[0m[0m replica_mode                          = (known after apply)
      [32m+[0m[0m replicas                              = (known after apply)
      [32m+[0m[0m resource_id                           = (known after apply)
      [32m+[0m[0m skip_final_snapshot                   = true
      [32m+[0m[0m snapshot_identifier                   = (known after apply)
      [32m+[0m[0m status                                = (known after apply)
      [32m+[0m[0m storage_throughput                    = (known after apply)
      [32m+[0m[0m storage_type                          = "gp2"
      [32m+[0m[0m tags                                  = {
          [32m+[0m[0m "Name" = "mysql-wordpress"
        }
      [32m+[0m[0m tags_all                              = {
          [32m+[0m[0m "Name" = "mysql-wordpress"
        }
      [32m+[0m[0m timezone                              = (known after apply)
      [32m+[0m[0m username                              = "wordpress"
      [32m+[0m[0m vpc_security_group_ids                = (known after apply)
    }

[1m  # aws_db_subnet_group.RDS_subnet_group[0m will be created
[0m  [32m+[0m[0m resource "aws_db_subnet_group" "RDS_subnet_group" {
      [32m+[0m[0m arn                     = (known after apply)
      [32m+[0m[0m description             = "Managed by Terraform"
      [32m+[0m[0m id                      = (known after apply)
      [32m+[0m[0m name                    = "wordpress-db-subnet"
      [32m+[0m[0m name_prefix             = (known after apply)
      [32m+[0m[0m subnet_ids              = [
          [32m+[0m[0m "subnet-0b722ffeafb005890",
          [32m+[0m[0m "subnet-0fa53e244b27d6bd1",
        ]
      [32m+[0m[0m supported_network_types = (known after apply)
      [32m+[0m[0m tags                    = {
          [32m+[0m[0m "Name" = "wordpress-db-subnet"
        }
      [32m+[0m[0m tags_all                = {
          [32m+[0m[0m "Name" = "wordpress-db-subnet"
        }
      [32m+[0m[0m vpc_id                  = (known after apply)
    }

[1m  # aws_security_group.allow_to_mysql[0m will be created
[0m  [32m+[0m[0m resource "aws_security_group" "allow_to_mysql" {
      [32m+[0m[0m arn                    = (known after apply)
      [32m+[0m[0m description            = "Allow connection inbound traffic to RDS MySQL"
      [32m+[0m[0m egress                 = (known after apply)
      [32m+[0m[0m id                     = (known after apply)
      [32m+[0m[0m ingress                = (known after apply)
      [32m+[0m[0m name                   = "allow_to_mysql"
      [32m+[0m[0m name_prefix            = (known after apply)
      [32m+[0m[0m owner_id               = (known after apply)
      [32m+[0m[0m revoke_rules_on_delete = false
      [32m+[0m[0m tags                   = {
          [32m+[0m[0m "Name" = "allow_for_mysql"
        }
      [32m+[0m[0m tags_all               = {
          [32m+[0m[0m "Name" = "allow_for_mysql"
        }
      [32m+[0m[0m vpc_id                 = "vpc-0dd45493ea1866269"
    }

[1m  # aws_vpc_security_group_egress_rule.allow_all_traffic_ipv4[0m will be created
[0m  [32m+[0m[0m resource "aws_vpc_security_group_egress_rule" "allow_all_traffic_ipv4" {
      [32m+[0m[0m arn                    = (known after apply)
      [32m+[0m[0m cidr_ipv4              = "0.0.0.0/0"
      [32m+[0m[0m id                     = (known after apply)
      [32m+[0m[0m ip_protocol            = "-1"
      [32m+[0m[0m security_group_id      = (known after apply)
      [32m+[0m[0m security_group_rule_id = (known after apply)
      [32m+[0m[0m tags_all               = {}
    }

[1m  # aws_vpc_security_group_ingress_rule.allow_mysql_ipv4[0m will be created
[0m  [32m+[0m[0m resource "aws_vpc_security_group_ingress_rule" "allow_mysql_ipv4" {
      [32m+[0m[0m arn                    = (known after apply)
      [32m+[0m[0m cidr_ipv4              = "0.0.0.0/0"
      [32m+[0m[0m from_port              = 3306
      [32m+[0m[0m id                     = (known after apply)
      [32m+[0m[0m ip_protocol            = "tcp"
      [32m+[0m[0m security_group_id      = (known after apply)
      [32m+[0m[0m security_group_rule_id = (known after apply)
      [32m+[0m[0m tags_all               = {}
      [32m+[0m[0m to_port                = 3306
    }

[1mPlan:[0m 5 to add, 0 to change, 0 to destroy.
[0m
Changes to Outputs:
  [32m+[0m[0m RDS-endpoint = (known after apply)
[0m[1maws_security_group.allow_to_mysql: Creating...[0m[0m
[0m[1maws_db_subnet_group.RDS_subnet_group: Creating...[0m[0m
[0m[1maws_db_subnet_group.RDS_subnet_group: Creation complete after 1s [id=wordpress-db-subnet][0m
[0m[1maws_security_group.allow_to_mysql: Creation complete after 3s [id=sg-0603886a41642ddce][0m
[0m[1maws_vpc_security_group_egress_rule.allow_all_traffic_ipv4: Creating...[0m[0m
[0m[1maws_vpc_security_group_ingress_rule.allow_mysql_ipv4: Creating...[0m[0m
[0m[1maws_db_instance.mysql-wordpress: Creating...[0m[0m
[0m[1maws_vpc_security_group_ingress_rule.allow_mysql_ipv4: Creation complete after 0s [id=sgr-06cae6f987a8532b9][0m
[0m[1maws_vpc_security_group_egress_rule.allow_all_traffic_ipv4: Creation complete after 0s [id=sgr-09b3a4a845bf5902d][0m
[0m[1maws_db_instance.mysql-wordpress: Still creating... [10s elapsed][0m[0m
[0m[1maws_db_instance.mysql-wordpress: Still creating... [20s elapsed][0m[0m
[0m[1maws_db_instance.mysql-wordpress: Still creating... [30s elapsed][0m[0m
[0m[1maws_db_instance.mysql-wordpress: Still creating... [40s elapsed][0m[0m
[0m[1maws_db_instance.mysql-wordpress: Still creating... [50s elapsed][0m[0m
[0m[1maws_db_instance.mysql-wordpress: Still creating... [1m0s elapsed][0m[0m
[0m[1maws_db_instance.mysql-wordpress: Still creating... [1m10s elapsed][0m[0m
[0m[1maws_db_instance.mysql-wordpress: Still creating... [1m20s elapsed][0m[0m
[0m[1maws_db_instance.mysql-wordpress: Still creating... [1m30s elapsed][0m[0m
[0m[1maws_db_instance.mysql-wordpress: Still creating... [1m40s elapsed][0m[0m
[0m[1maws_db_instance.mysql-wordpress: Still creating... [1m50s elapsed][0m[0m
[0m[1maws_db_instance.mysql-wordpress: Still creating... [2m0s elapsed][0m[0m
[0m[1maws_db_instance.mysql-wordpress: Still creating... [2m10s elapsed][0m[0m
[0m[1maws_db_instance.mysql-wordpress: Still creating... [2m20s elapsed][0m[0m
[0m[1maws_db_instance.mysql-wordpress: Still creating... [2m30s elapsed][0m[0m
[0m[1maws_db_instance.mysql-wordpress: Still creating... [2m40s elapsed][0m[0m
[0m[1maws_db_instance.mysql-wordpress: Still creating... [2m50s elapsed][0m[0m
[0m[1maws_db_instance.mysql-wordpress: Still creating... [3m0s elapsed][0m[0m
[0m[1maws_db_instance.mysql-wordpress: Still creating... [3m10s elapsed][0m[0m
[0m[1maws_db_instance.mysql-wordpress: Still creating... [3m20s elapsed][0m[0m
[0m[1maws_db_instance.mysql-wordpress: Creation complete after 3m25s [id=db-OTPJ4PGNBBVLNUYYOO2J4RKJMY][0m
[0m[1m[32m
Apply complete! Resources: 5 added, 0 changed, 0 destroyed.
[0m[0m[1m[32m
Outputs:

[0mRDS-endpoint = "rds-wordpress.c7qikme0qyh9.eu-central-1.rds.amazonaws.com:3306"
